// !$*UTF8*$!
{
	archiveVersion = 1;
	classes = {
	};
	objectVersion = 46;
	objects = {

/* Begin PBXBuildFile section */
		3203F2B01AFCE738002CD499 /* main.m in Sources */ = {isa = PBXBuildFile; fileRef = 3203F2AF1AFCE738002CD499 /* main.m */; };
		3203F2B31AFCE738002CD499 /* AppDelegate.m in Sources */ = {isa = PBXBuildFile; fileRef = 3203F2B21AFCE738002CD499 /* AppDelegate.m */; };
		3203F2B61AFCE738002CD499 /* ViewController.m in Sources */ = {isa = PBXBuildFile; fileRef = 3203F2B51AFCE738002CD499 /* ViewController.m */; };
		3203F2B91AFCE738002CD499 /* Main.storyboard in Resources */ = {isa = PBXBuildFile; fileRef = 3203F2B71AFCE738002CD499 /* Main.storyboard */; };
		3203F2BE1AFCE738002CD499 /* LaunchScreen.xib in Resources */ = {isa = PBXBuildFile; fileRef = 3203F2BC1AFCE738002CD499 /* LaunchScreen.xib */; };
		3203F2CA1AFCE738002CD499 /* MatchistaTests.m in Sources */ = {isa = PBXBuildFile; fileRef = 3203F2C91AFCE738002CD499 /* MatchistaTests.m */; };
		3203F2D41AFCEA38002CD499 /* Images.xcassets in Resources */ = {isa = PBXBuildFile; fileRef = 3203F2D31AFCEA38002CD499 /* Images.xcassets */; };
		3203F2D71AFE6F44002CD499 /* Card.m in Sources */ = {isa = PBXBuildFile; fileRef = 3203F2D61AFE6F44002CD499 /* Card.m */; };
		3203F2DB1AFE73B1002CD499 /* Deck.m in Sources */ = {isa = PBXBuildFile; fileRef = 3203F2DA1AFE73B1002CD499 /* Deck.m */; };
		3203F2DE1AFE78D9002CD499 /* PlayingCard.m in Sources */ = {isa = PBXBuildFile; fileRef = 3203F2DD1AFE78D9002CD499 /* PlayingCard.m */; };
		3203F2E11AFE83CD002CD499 /* PlayingCardDeck.m in Sources */ = {isa = PBXBuildFile; fileRef = 3203F2E01AFE83CD002CD499 /* PlayingCardDeck.m */; };
		3203F2E41AFFB2C1002CD499 /* CardMatchingGame.m in Sources */ = {isa = PBXBuildFile; fileRef = 3203F2E31AFFB2C1002CD499 /* CardMatchingGame.m */; };
/* End PBXBuildFile section */

/* Begin PBXContainerItemProxy section */
		3203F2C41AFCE738002CD499 /* PBXContainerItemProxy */ = {
			isa = PBXContainerItemProxy;
			containerPortal = 3203F2A21AFCE738002CD499 /* Project object */;
			proxyType = 1;
			remoteGlobalIDString = 3203F2A91AFCE738002CD499;
			remoteInfo = Matchista;
		};
/* End PBXContainerItemProxy section */

/* Begin PBXFileReference section */
		3203F2AA1AFCE738002CD499 /* Matchista.app */ = {isa = PBXFileReference; explicitFileType = wrapper.application; includeInIndex = 0; path = Matchista.app; sourceTree = BUILT_PRODUCTS_DIR; };
		3203F2AE1AFCE738002CD499 /* Info.plist */ = {isa = PBXFileReference; lastKnownFileType = text.plist.xml; path = Info.plist; sourceTree = "<group>"; };
		3203F2AF1AFCE738002CD499 /* main.m */ = {isa = PBXFileReference; lastKnownFileType = sourcecode.c.objc; path = main.m; sourceTree = "<group>"; };
		3203F2B11AFCE738002CD499 /* AppDelegate.h */ = {isa = PBXFileReference; lastKnownFileType = sourcecode.c.h; path = AppDelegate.h; sourceTree = "<group>"; };
		3203F2B21AFCE738002CD499 /* AppDelegate.m */ = {isa = PBXFileReference; lastKnownFileType = sourcecode.c.objc; path = AppDelegate.m; sourceTree = "<group>"; };
		3203F2B41AFCE738002CD499 /* ViewController.h */ = {isa = PBXFileReference; lastKnownFileType = sourcecode.c.h; path = ViewController.h; sourceTree = "<group>"; };
		3203F2B51AFCE738002CD499 /* ViewController.m */ = {isa = PBXFileReference; lastKnownFileType = sourcecode.c.objc; path = ViewController.m; sourceTree = "<group>"; };
		3203F2B81AFCE738002CD499 /* Base */ = {isa = PBXFileReference; lastKnownFileType = file.storyboard; name = Base; path = Base.lproj/Main.storyboard; sourceTree = "<group>"; };
		3203F2BD1AFCE738002CD499 /* Base */ = {isa = PBXFileReference; lastKnownFileType = file.xib; name = Base; path = Base.lproj/LaunchScreen.xib; sourceTree = "<group>"; };
		3203F2C31AFCE738002CD499 /* MatchistaTests.xctest */ = {isa = PBXFileReference; explicitFileType = wrapper.cfbundle; includeInIndex = 0; path = MatchistaTests.xctest; sourceTree = BUILT_PRODUCTS_DIR; };
		3203F2C81AFCE738002CD499 /* Info.plist */ = {isa = PBXFileReference; lastKnownFileType = text.plist.xml; path = Info.plist; sourceTree = "<group>"; };
		3203F2C91AFCE738002CD499 /* MatchistaTests.m */ = {isa = PBXFileReference; lastKnownFileType = sourcecode.c.objc; path = MatchistaTests.m; sourceTree = "<group>"; };
		3203F2D31AFCEA38002CD499 /* Images.xcassets */ = {isa = PBXFileReference; lastKnownFileType = folder.assetcatalog; path = Images.xcassets; sourceTree = "<group>"; };
		3203F2D51AFE6F44002CD499 /* Card.h */ = {isa = PBXFileReference; fileEncoding = 4; lastKnownFileType = sourcecode.c.h; name = Card.h; path = Model/Card.h; sourceTree = "<group>"; };
		3203F2D61AFE6F44002CD499 /* Card.m */ = {isa = PBXFileReference; fileEncoding = 4; lastKnownFileType = sourcecode.c.objc; name = Card.m; path = Model/Card.m; sourceTree = "<group>"; };
		3203F2D91AFE73B1002CD499 /* Deck.h */ = {isa = PBXFileReference; fileEncoding = 4; lastKnownFileType = sourcecode.c.h; name = Deck.h; path = Model/Deck.h; sourceTree = "<group>"; };
		3203F2DA1AFE73B1002CD499 /* Deck.m */ = {isa = PBXFileReference; fileEncoding = 4; lastKnownFileType = sourcecode.c.objc; name = Deck.m; path = Model/Deck.m; sourceTree = "<group>"; };
		3203F2DC1AFE78D9002CD499 /* PlayingCard.h */ = {isa = PBXFileReference; fileEncoding = 4; lastKnownFileType = sourcecode.c.h; name = PlayingCard.h; path = Model/PlayingCard.h; sourceTree = "<group>"; };
		3203F2DD1AFE78D9002CD499 /* PlayingCard.m */ = {isa = PBXFileReference; fileEncoding = 4; lastKnownFileType = sourcecode.c.objc; name = PlayingCard.m; path = Model/PlayingCard.m; sourceTree = "<group>"; };
		3203F2DF1AFE83CD002CD499 /* PlayingCardDeck.h */ = {isa = PBXFileReference; fileEncoding = 4; lastKnownFileType = sourcecode.c.h; name = PlayingCardDeck.h; path = Model/PlayingCardDeck.h; sourceTree = "<group>"; };
		3203F2E01AFE83CD002CD499 /* PlayingCardDeck.m */ = {isa = PBXFileReference; fileEncoding = 4; lastKnownFileType = sourcecode.c.objc; name = PlayingCardDeck.m; path = Model/PlayingCardDeck.m; sourceTree = "<group>"; };
		3203F2E21AFFB2C1002CD499 /* CardMatchingGame.h */ = {isa = PBXFileReference; fileEncoding = 4; lastKnownFileType = sourcecode.c.h; name = CardMatchingGame.h; path = Model/CardMatchingGame.h; sourceTree = "<group>"; };
		3203F2E31AFFB2C1002CD499 /* CardMatchingGame.m */ = {isa = PBXFileReference; fileEncoding = 4; lastKnownFileType = sourcecode.c.objc; name = CardMatchingGame.m; path = Model/CardMatchingGame.m; sourceTree = "<group>"; };
/* End PBXFileReference section */

/* Begin PBXFrameworksBuildPhase section */
		3203F2A71AFCE738002CD499 /* Frameworks */ = {
			isa = PBXFrameworksBuildPhase;
			buildActionMask = 2147483647;
			files = (
			);
			runOnlyForDeploymentPostprocessing = 0;
		};
		3203F2C01AFCE738002CD499 /* Frameworks */ = {
			isa = PBXFrameworksBuildPhase;
			buildActionMask = 2147483647;
			files = (
			);
			runOnlyForDeploymentPostprocessing = 0;
		};
/* End PBXFrameworksBuildPhase section */

/* Begin PBXGroup section */
		3203F2A11AFCE738002CD499 = {
			isa = PBXGroup;
			children = (
				3203F2AC1AFCE738002CD499 /* Matchista */,
				3203F2C61AFCE738002CD499 /* MatchistaTests */,
				3203F2AB1AFCE738002CD499 /* Products */,
			);
			sourceTree = "<group>";
		};
		3203F2AB1AFCE738002CD499 /* Products */ = {
			isa = PBXGroup;
			children = (
				3203F2AA1AFCE738002CD499 /* Matchista.app */,
				3203F2C31AFCE738002CD499 /* MatchistaTests.xctest */,
			);
			name = Products;
			sourceTree = "<group>";
		};
		3203F2AC1AFCE738002CD499 /* Matchista */ = {
			isa = PBXGroup;
			children = (
				3203F2B41AFCE738002CD499 /* ViewController.h */,
				3203F2B51AFCE738002CD499 /* ViewController.m */,
				3203F2B71AFCE738002CD499 /* Main.storyboard */,
				3203F2D81AFE6F66002CD499 /* Model */,
				3203F2D31AFCEA38002CD499 /* Images.xcassets */,
				3203F2BC1AFCE738002CD499 /* LaunchScreen.xib */,
				3203F2AD1AFCE738002CD499 /* Supporting Files */,
			);
			path = Matchista;
			sourceTree = "<group>";
		};
		3203F2AD1AFCE738002CD499 /* Supporting Files */ = {
			isa = PBXGroup;
			children = (
				3203F2B11AFCE738002CD499 /* AppDelegate.h */,
				3203F2B21AFCE738002CD499 /* AppDelegate.m */,
				3203F2AE1AFCE738002CD499 /* Info.plist */,
				3203F2AF1AFCE738002CD499 /* main.m */,
			);
			name = "Supporting Files";
			sourceTree = "<group>";
		};
		3203F2C61AFCE738002CD499 /* MatchistaTests */ = {
			isa = PBXGroup;
			children = (
				3203F2C91AFCE738002CD499 /* MatchistaTests.m */,
				3203F2C71AFCE738002CD499 /* Supporting Files */,
			);
			path = MatchistaTests;
			sourceTree = "<group>";
		};
		3203F2C71AFCE738002CD499 /* Supporting Files */ = {
			isa = PBXGroup;
			children = (
				3203F2C81AFCE738002CD499 /* Info.plist */,
			);
			name = "Supporting Files";
			sourceTree = "<group>";
		};
		3203F2D81AFE6F66002CD499 /* Model */ = {
			isa = PBXGroup;
			children = (
				3203F2E21AFFB2C1002CD499 /* CardMatchingGame.h */,
				3203F2E31AFFB2C1002CD499 /* CardMatchingGame.m */,
				3203F2D51AFE6F44002CD499 /* Card.h */,
				3203F2D61AFE6F44002CD499 /* Card.m */,
				3203F2D91AFE73B1002CD499 /* Deck.h */,
				3203F2DA1AFE73B1002CD499 /* Deck.m */,
				3203F2DC1AFE78D9002CD499 /* PlayingCard.h */,
				3203F2DD1AFE78D9002CD499 /* PlayingCard.m */,
				3203F2DF1AFE83CD002CD499 /* PlayingCardDeck.h */,
				3203F2E01AFE83CD002CD499 /* PlayingCardDeck.m */,
			);
			name = Model;
			sourceTree = "<group>";
		};
/* End PBXGroup section */

/* Begin PBXNativeTarget section */
		3203F2A91AFCE738002CD499 /* Matchista */ = {
			isa = PBXNativeTarget;
			buildConfigurationList = 3203F2CD1AFCE738002CD499 /* Build configuration list for PBXNativeTarget "Matchista" */;
			buildPhases = (
				3203F2A61AFCE738002CD499 /* Sources */,
				3203F2A71AFCE738002CD499 /* Frameworks */,
				3203F2A81AFCE738002CD499 /* Resources */,
			);
			buildRules = (
			);
			dependencies = (
			);
			name = Matchista;
			productName = Matchista;
			productReference = 3203F2AA1AFCE738002CD499 /* Matchista.app */;
			productType = "com.apple.product-type.application";
		};
		3203F2C21AFCE738002CD499 /* MatchistaTests */ = {
			isa = PBXNativeTarget;
			buildConfigurationList = 3203F2D01AFCE738002CD499 /* Build configuration list for PBXNativeTarget "MatchistaTests" */;
			buildPhases = (
				3203F2BF1AFCE738002CD499 /* Sources */,
				3203F2C01AFCE738002CD499 /* Frameworks */,
				3203F2C11AFCE738002CD499 /* Resources */,
			);
			buildRules = (
			);
			dependencies = (
				3203F2C51AFCE738002CD499 /* PBXTargetDependency */,
			);
			name = MatchistaTests;
			productName = MatchistaTests;
			productReference = 3203F2C31AFCE738002CD499 /* MatchistaTests.xctest */;
			productType = "com.apple.product-type.bundle.unit-test";
		};
/* End PBXNativeTarget section */

/* Begin PBXProject section */
		3203F2A21AFCE738002CD499 /* Project object */ = {
			isa = PBXProject;
			attributes = {
				LastUpgradeCheck = 0630;
				ORGANIZATIONNAME = "Renán Díaz Reyes";
				TargetAttributes = {
					3203F2A91AFCE738002CD499 = {
						CreatedOnToolsVersion = 6.3.1;
					};
					3203F2C21AFCE738002CD499 = {
						CreatedOnToolsVersion = 6.3.1;
						TestTargetID = 3203F2A91AFCE738002CD499;
					};
				};
			};
			buildConfigurationList = 3203F2A51AFCE738002CD499 /* Build configuration list for PBXProject "Matchista" */;
			compatibilityVersion = "Xcode 3.2";
			developmentRegion = English;
			hasScannedForEncodings = 0;
			knownRegions = (
				en,
				Base,
			);
			mainGroup = 3203F2A11AFCE738002CD499;
			productRefGroup = 3203F2AB1AFCE738002CD499 /* Products */;
			projectDirPath = "";
			projectRoot = "";
			targets = (
				3203F2A91AFCE738002CD499 /* Matchista */,
				3203F2C21AFCE738002CD499 /* MatchistaTests */,
			);
		};
/* End PBXProject section */

/* Begin PBXResourcesBuildPhase section */
		3203F2A81AFCE738002CD499 /* Resources */ = {
			isa = PBXResourcesBuildPhase;
			buildActionMask = 2147483647;
			files = (
				3203F2D41AFCEA38002CD499 /* Images.xcassets in Resources */,
				3203F2B91AFCE738002CD499 /* Main.storyboard in Resources */,
				3203F2BE1AFCE738002CD499 /* LaunchScreen.xib in Resources */,
			);
			runOnlyForDeploymentPostprocessing = 0;
		};
		3203F2C11AFCE738002CD499 /* Resources */ = {
			isa = PBXResourcesBuildPhase;
			buildActionMask = 2147483647;
			files = (
			);
			runOnlyForDeploymentPostprocessing = 0;
		};
/* End PBXResourcesBuildPhase section */

/* Begin PBXSourcesBuildPhase section */
		3203F2A61AFCE738002CD499 /* Sources */ = {
			isa = PBXSourcesBuildPhase;
			buildActionMask = 2147483647;
			files = (
				3203F2DE1AFE78D9002CD499 /* PlayingCard.m in Sources */,
				3203F2DB1AFE73B1002CD499 /* Deck.m in Sources */,
				3203F2B61AFCE738002CD499 /* ViewController.m in Sources */,
				3203F2B31AFCE738002CD499 /* AppDelegate.m in Sources */,
				3203F2E41AFFB2C1002CD499 /* CardMatchingGame.m in Sources */,
				3203F2E11AFE83CD002CD499 /* PlayingCardDeck.m in Sources */,
				3203F2B01AFCE738002CD499 /* main.m in Sources */,
				3203F2D71AFE6F44002CD499 /* Card.m in Sources */,
			);
			runOnlyForDeploymentPostprocessing = 0;
		};
		3203F2BF1AFCE738002CD499 /* Sources */ = {
			isa = PBXSourcesBuildPhase;
			buildActionMask = 2147483647;
			files = (
				3203F2CA1AFCE738002CD499 /* MatchistaTests.m in Sources */,
			);
			runOnlyForDeploymentPostprocessing = 0;
		};
/* End PBXSourcesBuildPhase section */

/* Begin PBXTargetDependency section */
		3203F2C51AFCE738002CD499 /* PBXTargetDependency */ = {
			isa = PBXTargetDependency;
			target = 3203F2A91AFCE738002CD499 /* Matchista */;
			targetProxy = 3203F2C41AFCE738002CD499 /* PBXContainerItemProxy */;
		};
/* End PBXTargetDependency section */

/* Begin PBXVariantGroup section */
		3203F2B71AFCE738002CD499 /* Main.storyboard */ = {
			isa = PBXVariantGroup;
			children = (
				3203F2B81AFCE738002CD499 /* Base */,
			);
			name = Main.storyboard;
			sourceTree = "<group>";
		};
		3203F2BC1AFCE738002CD499 /* LaunchScreen.xib */ = {
			isa = PBXVariantGroup;
			children = (
				3203F2BD1AFCE738002CD499 /* Base */,
			);
			name = LaunchScreen.xib;
			sourceTree = "<group>";
		};
/* End PBXVariantGroup section */

/* Begin XCBuildConfiguration section */
		3203F2CB1AFCE738002CD499 /* Debug */ = {
			isa = XCBuildConfiguration;
			buildSettings = {
				ALWAYS_SEARCH_USER_PATHS = NO;
				CLANG_CXX_LANGUAGE_STANDARD = "gnu++0x";
				CLANG_CXX_LIBRARY = "libc++";
				CLANG_ENABLE_MODULES = YES;
				CLANG_ENABLE_OBJC_ARC = YES;
				CLANG_WARN_BOOL_CONVERSION = YES;
				CLANG_WARN_CONSTANT_CONVERSION = YES;
				CLANG_WARN_DIRECT_OBJC_ISA_USAGE = YES_ERROR;
				CLANG_WARN_EMPTY_BODY = YES;
				CLANG_WARN_ENUM_CONVERSION = YES;
				CLANG_WARN_INT_CONVERSION = YES;
				CLANG_WARN_OBJC_ROOT_CLASS = YES_ERROR;
				CLANG_WARN_UNREACHABLE_CODE = YES;
				CLANG_WARN__DUPLICATE_METHOD_MATCH = YES;
				"CODE_SIGN_IDENTITY[sdk=iphoneos*]" = "iPhone Developer";
				COPY_PHASE_STRIP = NO;
				DEBUG_INFORMATION_FORMAT = "dwarf-with-dsym";
				ENABLE_STRICT_OBJC_MSGSEND = YES;
				GCC_C_LANGUAGE_STANDARD = gnu99;
				GCC_DYNAMIC_NO_PIC = NO;
				GCC_NO_COMMON_BLOCKS = YES;
				GCC_OPTIMIZATION_LEVEL = 0;
				GCC_PREPROCESSOR_DEFINITIONS = (
					"DEBUG=1",
					"$(inherited)",
				);
				GCC_SYMBOLS_PRIVATE_EXTERN = NO;
				GCC_WARN_64_TO_32_BIT_CONVERSION = YES;
				GCC_WARN_ABOUT_RETURN_TYPE = YES_ERROR;
				GCC_WARN_UNDECLARED_SELECTOR = YES;
				GCC_WARN_UNINITIALIZED_AUTOS = YES_AGGRESSIVE;
				GCC_WARN_UNUSED_FUNCTION = YES;
				GCC_WARN_UNUSED_VARIABLE = YES;
				IPHONEOS_DEPLOYMENT_TARGET = 8.3;
				MTL_ENABLE_DEBUG_INFO = YES;
				ONLY_ACTIVE_ARCH = YES;
				SDKROOT = iphoneos;
			};
			name = Debug;
		};
		3203F2CC1AFCE738002CD499 /* Release */ = {
			isa = XCBuildConfiguration;
			buildSettings = {
				ALWAYS_SEARCH_USER_PATHS = NO;
				CLANG_CXX_LANGUAGE_STANDARD = "gnu++0x";
				CLANG_CXX_LIBRARY = "libc++";
				CLANG_ENABLE_MODULES = YES;
				CLANG_ENABLE_OBJC_ARC = YES;
				CLANG_WARN_BOOL_CONVERSION = YES;
				CLANG_WARN_CONSTANT_CONVERSION = YES;
				CLANG_WARN_DIRECT_OBJC_ISA_USAGE = YES_ERROR;
				CLANG_WARN_EMPTY_BODY = YES;
				CLANG_WARN_ENUM_CONVERSION = YES;
				CLANG_WARN_INT_CONVERSION = YES;
				CLANG_WARN_OBJC_ROOT_CLASS = YES_ERROR;
				CLANG_WARN_UNREACHABLE_CODE = YES;
				CLANG_WARN__DUPLICATE_METHOD_MATCH = YES;
				"CODE_SIGN_IDENTITY[sdk=iphoneos*]" = "iPhone Developer";
				COPY_PHASE_STRIP = NO;
				DEBUG_INFORMATION_FORMAT = "dwarf-with-dsym";
				ENABLE_NS_ASSERTIONS = NO;
				ENABLE_STRICT_OBJC_MSGSEND = YES;
				GCC_C_LANGUAGE_STANDARD = gnu99;
				GCC_NO_COMMON_BLOCKS = YES;
				GCC_WARN_64_TO_32_BIT_CONVERSION = YES;
				GCC_WARN_ABOUT_RETURN_TYPE = YES_ERROR;
				GCC_WARN_UNDECLARED_SELECTOR = YES;
				GCC_WARN_UNINITIALIZED_AUTOS = YES_AGGRESSIVE;
				GCC_WARN_UNUSED_FUNCTION = YES;
				GCC_WARN_UNUSED_VARIABLE = YES;
				IPHONEOS_DEPLOYMENT_TARGET = 8.3;
				MTL_ENABLE_DEBUG_INFO = NO;
				SDKROOT = iphoneos;
				VALIDATE_PRODUCT = YES;
			};
			name = Release;
		};
		3203F2CE1AFCE738002CD499 /* Debug */ = {
			isa = XCBuildConfiguration;
			buildSettings = {
				ASSETCATALOG_COMPILER_APPICON_NAME = AppIcon;
				INFOPLIST_FILE = Matchista/Info.plist;
				LD_RUNPATH_SEARCH_PATHS = "$(inherited) @executable_path/Frameworks";
				PRODUCT_NAME = "$(TARGET_NAME)";
			};
			name = Debug;
		};
		3203F2CF1AFCE738002CD499 /* Release */ = {
			isa = XCBuildConfiguration;
			buildSettings = {
				ASSETCATALOG_COMPILER_APPICON_NAME = AppIcon;
				INFOPLIST_FILE = Matchista/Info.plist;
				LD_RUNPATH_SEARCH_PATHS = "$(inherited) @executable_path/Frameworks";
				PRODUCT_NAME = "$(TARGET_NAME)";
			};
			name = Release;
		};
		3203F2D11AFCE738002CD499 /* Debug */ = {
			isa = XCBuildConfiguration;
			buildSettings = {
				BUNDLE_LOADER = "$(TEST_HOST)";
				FRAMEWORK_SEARCH_PATHS = (
					"$(SDKROOT)/Developer/Library/Frameworks",
					"$(inherited)",
				);
				GCC_PREPROCESSOR_DEFINITIONS = (
					"DEBUG=1",
					"$(inherited)",
				);
				INFOPLIST_FILE = MatchistaTests/Info.plist;
				LD_RUNPATH_SEARCH_PATHS = "$(inherited) @executable_path/Frameworks @loader_path/Frameworks";
				PRODUCT_NAME = "$(TARGET_NAME)";
				TEST_HOST = "$(BUILT_PRODUCTS_DIR)/Matchista.app/Matchista";
			};
			name = Debug;
		};
		3203F2D21AFCE738002CD499 /* Release */ = {
			isa = XCBuildConfiguration;
			buildSettings = {
				BUNDLE_LOADER = "$(TEST_HOST)";
				FRAMEWORK_SEARCH_PATHS = (
					"$(SDKROOT)/Developer/Library/Frameworks",
					"$(inherited)",
				);
				INFOPLIST_FILE = MatchistaTests/Info.plist;
				LD_RUNPATH_SEARCH_PATHS = "$(inherited) @executable_path/Frameworks @loader_path/Frameworks";
				PRODUCT_NAME = "$(TARGET_NAME)";
				TEST_HOST = "$(BUILT_PRODUCTS_DIR)/Matchista.app/Matchista";
			};
			name = Release;
		};
/* End XCBuildConfiguration section */

/* Begin XCConfigurationList section */
		3203F2A51AFCE738002CD499 /* Build configuration list for PBXProject "Matchista" */ = {
			isa = XCConfigurationList;
			buildConfigurations = (
				3203F2CB1AFCE738002CD499 /* Debug */,
				3203F2CC1AFCE738002CD499 /* Release */,
			);
			defaultConfigurationIsVisible = 0;
			defaultConfigurationName = Release;
		};
		3203F2CD1AFCE738002CD499 /* Build configuration list for PBXNativeTarget "Matchista" */ = {
			isa = XCConfigurationList;
			buildConfigurations = (
				3203F2CE1AFCE738002CD499 /* Debug */,
				3203F2CF1AFCE738002CD499 /* Release */,
			);
			defaultConfigurationIsVisible = 0;
			defaultConfigurationName = Release;
		};
		3203F2D01AFCE738002CD499 /* Build configuration list for PBXNativeTarget "MatchistaTests" */ = {
			isa = XCConfigurationList;
			buildConfigurations = (
				3203F2D11AFCE738002CD499 /* Debug */,
				3203F2D21AFCE738002CD499 /* Release */,
			);
			defaultConfigurationIsVisible = 0;
			defaultConfigurationName = Release;
		};
/* End XCConfigurationList section */
	};
	rootObject = 3203F2A21AFCE738002CD499 /* Project object */;
}
